// !$*UTF8*$!
{
	archiveVersion = 1;
	classes = {
	};
	objectVersion = 54;
	objects = {

/* Begin PBXBuildFile section */
		00E356F31AD99517003FC87E /* almafitnessTests.m in Sources */ = {isa = PBXBuildFile; fileRef = 00E356F21AD99517003FC87E /* almafitnessTests.m */; };
		03F9818ECA7E48F9A2E4990D /* Colors.xcassets in Resources */ = {isa = PBXBuildFile; fileRef = 293A8E8031B44E91B60AAABC /* Colors.xcassets */; };
		057CDB058FB143A9B11EB73E /* InterTight-ThinItalic.ttf in Resources */ = {isa = PBXBuildFile; fileRef = 6693767371C4427CBB1BDCBC /* InterTight-ThinItalic.ttf */; };
		13B07FBC1A68108700A75B9A /* AppDelegate.mm in Sources */ = {isa = PBXBuildFile; fileRef = 13B07FB01A68108700A75B9A /* AppDelegate.mm */; };
		13B07FBF1A68108700A75B9A /* Images.xcassets in Resources */ = {isa = PBXBuildFile; fileRef = 13B07FB51A68108700A75B9A /* Images.xcassets */; };
		13B07FC11A68108700A75B9A /* main.m in Sources */ = {isa = PBXBuildFile; fileRef = 13B07FB71A68108700A75B9A /* main.m */; };
		1A02CA9F59D14A07BA19135B /* InterTight-MediumItalic.ttf in Resources */ = {isa = PBXBuildFile; fileRef = 51A660C56412424A9BB3D4AE /* InterTight-MediumItalic.ttf */; };
		1E59DBDFAE184C8B975C8A48 /* InterTight-LightItalic.ttf in Resources */ = {isa = PBXBuildFile; fileRef = BC08DE007DE4456C9D0933B6 /* InterTight-LightItalic.ttf */; };
		214C4D8171C6ED26116CF4F7 /* PrivacyInfo.xcprivacy in Resources */ = {isa = PBXBuildFile; fileRef = 6AEE9F39DF7C8F8F9FFF2B5F /* PrivacyInfo.xcprivacy */; };
		25442E77E96B43BE90DD11F7 /* InterTight-ExtraBold.ttf in Resources */ = {isa = PBXBuildFile; fileRef = 8E9E75936A574C399BF5A3E2 /* InterTight-ExtraBold.ttf */; };
		4077BEC841844CB1A55315CC /* libPods-almafitness-almafitnessTests.a in Frameworks */ = {isa = PBXBuildFile; fileRef = 73342B4B2E6C20560583C370 /* libPods-almafitness-almafitnessTests.a */; };
		59558F566C864B08ACCF9D42 /* InterTight-Medium.ttf in Resources */ = {isa = PBXBuildFile; fileRef = 5E0FCD195D9F4FB291EB5BF7 /* InterTight-Medium.ttf */; };
		6620B120F7BA405B922532E6 /* InterTight-Italic.ttf in Resources */ = {isa = PBXBuildFile; fileRef = 6636C05CF216457C91215DB2 /* InterTight-Italic.ttf */; };
		6DA915005A0F4F7C95FF8389 /* InterTight-SemiBoldItalic.ttf in Resources */ = {isa = PBXBuildFile; fileRef = 73D2C50A7CDB4B3E984F2958 /* InterTight-SemiBoldItalic.ttf */; };
		6F4C81EDB0C74FC589276AAE /* InterTight-ExtraBoldItalic.ttf in Resources */ = {isa = PBXBuildFile; fileRef = F43297B507924AB4BF5D09D5 /* InterTight-ExtraBoldItalic.ttf */; };
		78D589F2FE1D4AA6BE522516 /* InterTight-BlackItalic.ttf in Resources */ = {isa = PBXBuildFile; fileRef = 3A00AB9FD3AA4DFA852D36A8 /* InterTight-BlackItalic.ttf */; };
		7EBFEFF2B5284FD2B669CE43 /* InterTight-ExtraLightItalic.ttf in Resources */ = {isa = PBXBuildFile; fileRef = 8CDAE97BF1AA4708B635AC53 /* InterTight-ExtraLightItalic.ttf */; };
		81AB9BB82411601600AC10FF /* LaunchScreen.storyboard in Resources */ = {isa = PBXBuildFile; fileRef = 81AB9BB72411601600AC10FF /* LaunchScreen.storyboard */; };
		91B6D7EF93314DBDAAAFA578 /* InterTight-ExtraLight.ttf in Resources */ = {isa = PBXBuildFile; fileRef = A43767E718004004B3755C07 /* InterTight-ExtraLight.ttf */; };
		A42EA83E836D44CDA1A31DD5 /* InterTight-SemiBold.ttf in Resources */ = {isa = PBXBuildFile; fileRef = 858A20D0E64F4579AB8C843D /* InterTight-SemiBold.ttf */; };
		A70E96891117473E9D3DF54A /* InterTight-Regular.ttf in Resources */ = {isa = PBXBuildFile; fileRef = D99BE71BC2234E1E9E15C752 /* InterTight-Regular.ttf */; };
		C464AA025DCC41F5B24CAAEE /* BootSplash.storyboard in Resources */ = {isa = PBXBuildFile; fileRef = 52009B4C9C1F4CE4ACDE1C30 /* BootSplash.storyboard */; };
		CD113D251EE3456E8DC01F31 /* InterTight-Light.ttf in Resources */ = {isa = PBXBuildFile; fileRef = FB4C3B3179BF43E495CDCC14 /* InterTight-Light.ttf */; };
		D54642D67B764B51906BD8F8 /* InterTight-Black.ttf in Resources */ = {isa = PBXBuildFile; fileRef = C0525DBA13C2459580454F43 /* InterTight-Black.ttf */; };
		DF7290608A544E4991B99ED1 /* InterTight-BoldItalic.ttf in Resources */ = {isa = PBXBuildFile; fileRef = 267E374D6CE444DE819AC3B5 /* InterTight-BoldItalic.ttf */; };
		E722225FD13149DD9FD41821 /* InterTight-Bold.ttf in Resources */ = {isa = PBXBuildFile; fileRef = 929D2EA3FE7A404A9B9C68A2 /* InterTight-Bold.ttf */; };
		E9502F6F84432180CD507A5E /* libPods-almafitness.a in Frameworks */ = {isa = PBXBuildFile; fileRef = 4330C7E50628E2F9870DE117 /* libPods-almafitness.a */; };
		F7076997E1534375BB2239A9 /* InterTight-Thin.ttf in Resources */ = {isa = PBXBuildFile; fileRef = D500C57D4859449F81AF917B /* InterTight-Thin.ttf */; };
/* End PBXBuildFile section */

/* Begin PBXContainerItemProxy section */
		00E356F41AD99517003FC87E /* PBXContainerItemProxy */ = {
			isa = PBXContainerItemProxy;
			containerPortal = 83CBB9F71A601CBA00E9B192 /* Project object */;
			proxyType = 1;
			remoteGlobalIDString = 13B07F861A680F5B00A75B9A;
			remoteInfo = almafitness;
		};
/* End PBXContainerItemProxy section */

/* Begin PBXFileReference section */
		00E356EE1AD99517003FC87E /* almafitnessTests.xctest */ = {isa = PBXFileReference; explicitFileType = wrapper.cfbundle; includeInIndex = 0; path = almafitnessTests.xctest; sourceTree = BUILT_PRODUCTS_DIR; };
		00E356F11AD99517003FC87E /* Info.plist */ = {isa = PBXFileReference; lastKnownFileType = text.plist.xml; path = Info.plist; sourceTree = "<group>"; };
		00E356F21AD99517003FC87E /* almafitnessTests.m */ = {isa = PBXFileReference; lastKnownFileType = sourcecode.c.objc; path = almafitnessTests.m; sourceTree = "<group>"; };
		13B07F961A680F5B00A75B9A /* almafitness.app */ = {isa = PBXFileReference; explicitFileType = wrapper.application; includeInIndex = 0; path = almafitness.app; sourceTree = BUILT_PRODUCTS_DIR; };
		13B07FAF1A68108700A75B9A /* AppDelegate.h */ = {isa = PBXFileReference; fileEncoding = 4; lastKnownFileType = sourcecode.c.h; name = AppDelegate.h; path = almafitness/AppDelegate.h; sourceTree = "<group>"; };
		13B07FB01A68108700A75B9A /* AppDelegate.mm */ = {isa = PBXFileReference; fileEncoding = 4; lastKnownFileType = sourcecode.cpp.objcpp; name = AppDelegate.mm; path = almafitness/AppDelegate.mm; sourceTree = "<group>"; };
		13B07FB51A68108700A75B9A /* Images.xcassets */ = {isa = PBXFileReference; lastKnownFileType = folder.assetcatalog; name = Images.xcassets; path = almafitness/Images.xcassets; sourceTree = "<group>"; };
		13B07FB61A68108700A75B9A /* Info.plist */ = {isa = PBXFileReference; fileEncoding = 4; lastKnownFileType = text.plist.xml; name = Info.plist; path = almafitness/Info.plist; sourceTree = "<group>"; };
		13B07FB71A68108700A75B9A /* main.m */ = {isa = PBXFileReference; fileEncoding = 4; lastKnownFileType = sourcecode.c.objc; name = main.m; path = almafitness/main.m; sourceTree = "<group>"; };
		13B07FB81A68108700A75B9A /* PrivacyInfo.xcprivacy */ = {isa = PBXFileReference; fileEncoding = 4; lastKnownFileType = text.plist.xml; name = PrivacyInfo.xcprivacy; path = almafitness/PrivacyInfo.xcprivacy; sourceTree = "<group>"; };
		1C93B67E8BDE309FA5788B52 /* Pods-almafitness-almafitnessTests.release.xcconfig */ = {isa = PBXFileReference; includeInIndex = 1; lastKnownFileType = text.xcconfig; name = "Pods-almafitness-almafitnessTests.release.xcconfig"; path = "Target Support Files/Pods-almafitness-almafitnessTests/Pods-almafitness-almafitnessTests.release.xcconfig"; sourceTree = "<group>"; };
		267E374D6CE444DE819AC3B5 /* InterTight-BoldItalic.ttf */ = {isa = PBXFileReference; explicitFileType = undefined; fileEncoding = 9; includeInIndex = 0; lastKnownFileType = unknown; name = "InterTight-BoldItalic.ttf"; path = "../src/assets/fonts/InterTight-BoldItalic.ttf"; sourceTree = "<group>"; };
		293A8E8031B44E91B60AAABC /* Colors.xcassets */ = {isa = PBXFileReference; explicitFileType = undefined; fileEncoding = 9; includeInIndex = 0; lastKnownFileType = folder.assetcatalog; name = Colors.xcassets; path = almafitness/Colors.xcassets; sourceTree = "<group>"; };
		3A00AB9FD3AA4DFA852D36A8 /* InterTight-BlackItalic.ttf */ = {isa = PBXFileReference; explicitFileType = undefined; fileEncoding = 9; includeInIndex = 0; lastKnownFileType = unknown; name = "InterTight-BlackItalic.ttf"; path = "../src/assets/fonts/InterTight-BlackItalic.ttf"; sourceTree = "<group>"; };
		4330C7E50628E2F9870DE117 /* libPods-almafitness.a */ = {isa = PBXFileReference; explicitFileType = archive.ar; includeInIndex = 0; path = "libPods-almafitness.a"; sourceTree = BUILT_PRODUCTS_DIR; };
		51A660C56412424A9BB3D4AE /* InterTight-MediumItalic.ttf */ = {isa = PBXFileReference; explicitFileType = undefined; fileEncoding = 9; includeInIndex = 0; lastKnownFileType = unknown; name = "InterTight-MediumItalic.ttf"; path = "../src/assets/fonts/InterTight-MediumItalic.ttf"; sourceTree = "<group>"; };
		52009B4C9C1F4CE4ACDE1C30 /* BootSplash.storyboard */ = {isa = PBXFileReference; explicitFileType = undefined; fileEncoding = 9; includeInIndex = 0; lastKnownFileType = unknown; name = BootSplash.storyboard; path = almafitness/BootSplash.storyboard; sourceTree = "<group>"; };
		5E0FCD195D9F4FB291EB5BF7 /* InterTight-Medium.ttf */ = {isa = PBXFileReference; explicitFileType = undefined; fileEncoding = 9; includeInIndex = 0; lastKnownFileType = unknown; name = "InterTight-Medium.ttf"; path = "../src/assets/fonts/InterTight-Medium.ttf"; sourceTree = "<group>"; };
		6636C05CF216457C91215DB2 /* InterTight-Italic.ttf */ = {isa = PBXFileReference; explicitFileType = undefined; fileEncoding = 9; includeInIndex = 0; lastKnownFileType = unknown; name = "InterTight-Italic.ttf"; path = "../src/assets/fonts/InterTight-Italic.ttf"; sourceTree = "<group>"; };
		6693767371C4427CBB1BDCBC /* InterTight-ThinItalic.ttf */ = {isa = PBXFileReference; explicitFileType = undefined; fileEncoding = 9; includeInIndex = 0; lastKnownFileType = unknown; name = "InterTight-ThinItalic.ttf"; path = "../src/assets/fonts/InterTight-ThinItalic.ttf"; sourceTree = "<group>"; };
		6AEE9F39DF7C8F8F9FFF2B5F /* PrivacyInfo.xcprivacy */ = {isa = PBXFileReference; includeInIndex = 1; lastKnownFileType = text.xml; name = PrivacyInfo.xcprivacy; path = almafitness/PrivacyInfo.xcprivacy; sourceTree = "<group>"; };
		73342B4B2E6C20560583C370 /* libPods-almafitness-almafitnessTests.a */ = {isa = PBXFileReference; explicitFileType = archive.ar; includeInIndex = 0; path = "libPods-almafitness-almafitnessTests.a"; sourceTree = BUILT_PRODUCTS_DIR; };
		73D2C50A7CDB4B3E984F2958 /* InterTight-SemiBoldItalic.ttf */ = {isa = PBXFileReference; explicitFileType = undefined; fileEncoding = 9; includeInIndex = 0; lastKnownFileType = unknown; name = "InterTight-SemiBoldItalic.ttf"; path = "../src/assets/fonts/InterTight-SemiBoldItalic.ttf"; sourceTree = "<group>"; };
		81AB9BB72411601600AC10FF /* LaunchScreen.storyboard */ = {isa = PBXFileReference; fileEncoding = 4; lastKnownFileType = file.storyboard; name = LaunchScreen.storyboard; path = almafitness/LaunchScreen.storyboard; sourceTree = "<group>"; };
		83876988079771178BDBD6FF /* Pods-almafitness-almafitnessTests.debug.xcconfig */ = {isa = PBXFileReference; includeInIndex = 1; lastKnownFileType = text.xcconfig; name = "Pods-almafitness-almafitnessTests.debug.xcconfig"; path = "Target Support Files/Pods-almafitness-almafitnessTests/Pods-almafitness-almafitnessTests.debug.xcconfig"; sourceTree = "<group>"; };
		8400322623F7B2E6927A7D40 /* Pods-almafitness.debug.xcconfig */ = {isa = PBXFileReference; includeInIndex = 1; lastKnownFileType = text.xcconfig; name = "Pods-almafitness.debug.xcconfig"; path = "Target Support Files/Pods-almafitness/Pods-almafitness.debug.xcconfig"; sourceTree = "<group>"; };
		858A20D0E64F4579AB8C843D /* InterTight-SemiBold.ttf */ = {isa = PBXFileReference; explicitFileType = undefined; fileEncoding = 9; includeInIndex = 0; lastKnownFileType = unknown; name = "InterTight-SemiBold.ttf"; path = "../src/assets/fonts/InterTight-SemiBold.ttf"; sourceTree = "<group>"; };
		8CDAE97BF1AA4708B635AC53 /* InterTight-ExtraLightItalic.ttf */ = {isa = PBXFileReference; explicitFileType = undefined; fileEncoding = 9; includeInIndex = 0; lastKnownFileType = unknown; name = "InterTight-ExtraLightItalic.ttf"; path = "../src/assets/fonts/InterTight-ExtraLightItalic.ttf"; sourceTree = "<group>"; };
		8E9E75936A574C399BF5A3E2 /* InterTight-ExtraBold.ttf */ = {isa = PBXFileReference; explicitFileType = undefined; fileEncoding = 9; includeInIndex = 0; lastKnownFileType = unknown; name = "InterTight-ExtraBold.ttf"; path = "../src/assets/fonts/InterTight-ExtraBold.ttf"; sourceTree = "<group>"; };
		929D2EA3FE7A404A9B9C68A2 /* InterTight-Bold.ttf */ = {isa = PBXFileReference; explicitFileType = undefined; fileEncoding = 9; includeInIndex = 0; lastKnownFileType = unknown; name = "InterTight-Bold.ttf"; path = "../src/assets/fonts/InterTight-Bold.ttf"; sourceTree = "<group>"; };
		A43767E718004004B3755C07 /* InterTight-ExtraLight.ttf */ = {isa = PBXFileReference; explicitFileType = undefined; fileEncoding = 9; includeInIndex = 0; lastKnownFileType = unknown; name = "InterTight-ExtraLight.ttf"; path = "../src/assets/fonts/InterTight-ExtraLight.ttf"; sourceTree = "<group>"; };
		BC08DE007DE4456C9D0933B6 /* InterTight-LightItalic.ttf */ = {isa = PBXFileReference; explicitFileType = undefined; fileEncoding = 9; includeInIndex = 0; lastKnownFileType = unknown; name = "InterTight-LightItalic.ttf"; path = "../src/assets/fonts/InterTight-LightItalic.ttf"; sourceTree = "<group>"; };
		C0525DBA13C2459580454F43 /* InterTight-Black.ttf */ = {isa = PBXFileReference; explicitFileType = undefined; fileEncoding = 9; includeInIndex = 0; lastKnownFileType = unknown; name = "InterTight-Black.ttf"; path = "../src/assets/fonts/InterTight-Black.ttf"; sourceTree = "<group>"; };
		D500C57D4859449F81AF917B /* InterTight-Thin.ttf */ = {isa = PBXFileReference; explicitFileType = undefined; fileEncoding = 9; includeInIndex = 0; lastKnownFileType = unknown; name = "InterTight-Thin.ttf"; path = "../src/assets/fonts/InterTight-Thin.ttf"; sourceTree = "<group>"; };
		D99BE71BC2234E1E9E15C752 /* InterTight-Regular.ttf */ = {isa = PBXFileReference; explicitFileType = undefined; fileEncoding = 9; includeInIndex = 0; lastKnownFileType = unknown; name = "InterTight-Regular.ttf"; path = "../src/assets/fonts/InterTight-Regular.ttf"; sourceTree = "<group>"; };
		ED297162215061F000B7C4FE /* JavaScriptCore.framework */ = {isa = PBXFileReference; lastKnownFileType = wrapper.framework; name = JavaScriptCore.framework; path = System/Library/Frameworks/JavaScriptCore.framework; sourceTree = SDKROOT; };
		EDB31DB62EC61F2F105CB72D /* Pods-almafitness.release.xcconfig */ = {isa = PBXFileReference; includeInIndex = 1; lastKnownFileType = text.xcconfig; name = "Pods-almafitness.release.xcconfig"; path = "Target Support Files/Pods-almafitness/Pods-almafitness.release.xcconfig"; sourceTree = "<group>"; };
		F43297B507924AB4BF5D09D5 /* InterTight-ExtraBoldItalic.ttf */ = {isa = PBXFileReference; explicitFileType = undefined; fileEncoding = 9; includeInIndex = 0; lastKnownFileType = unknown; name = "InterTight-ExtraBoldItalic.ttf"; path = "../src/assets/fonts/InterTight-ExtraBoldItalic.ttf"; sourceTree = "<group>"; };
		FB4C3B3179BF43E495CDCC14 /* InterTight-Light.ttf */ = {isa = PBXFileReference; explicitFileType = undefined; fileEncoding = 9; includeInIndex = 0; lastKnownFileType = unknown; name = "InterTight-Light.ttf"; path = "../src/assets/fonts/InterTight-Light.ttf"; sourceTree = "<group>"; };
/* End PBXFileReference section */

/* Begin PBXFrameworksBuildPhase section */
		00E356EB1AD99517003FC87E /* Frameworks */ = {
			isa = PBXFrameworksBuildPhase;
			buildActionMask = 2147483647;
			files = (
				4077BEC841844CB1A55315CC /* libPods-almafitness-almafitnessTests.a in Frameworks */,
			);
			runOnlyForDeploymentPostprocessing = 0;
		};
		13B07F8C1A680F5B00A75B9A /* Frameworks */ = {
			isa = PBXFrameworksBuildPhase;
			buildActionMask = 2147483647;
			files = (
				E9502F6F84432180CD507A5E /* libPods-almafitness.a in Frameworks */,
			);
			runOnlyForDeploymentPostprocessing = 0;
		};
/* End PBXFrameworksBuildPhase section */

/* Begin PBXGroup section */
		00E356EF1AD99517003FC87E /* almafitnessTests */ = {
			isa = PBXGroup;
			children = (
				00E356F21AD99517003FC87E /* almafitnessTests.m */,
				00E356F01AD99517003FC87E /* Supporting Files */,
			);
			path = almafitnessTests;
			sourceTree = "<group>";
		};
		00E356F01AD99517003FC87E /* Supporting Files */ = {
			isa = PBXGroup;
			children = (
				00E356F11AD99517003FC87E /* Info.plist */,
			);
			name = "Supporting Files";
			sourceTree = "<group>";
		};
		13B07FAE1A68108700A75B9A /* almafitness */ = {
			isa = PBXGroup;
			children = (
				13B07FAF1A68108700A75B9A /* AppDelegate.h */,
				13B07FB01A68108700A75B9A /* AppDelegate.mm */,
				13B07FB51A68108700A75B9A /* Images.xcassets */,
				13B07FB61A68108700A75B9A /* Info.plist */,
				81AB9BB72411601600AC10FF /* LaunchScreen.storyboard */,
				13B07FB71A68108700A75B9A /* main.m */,
				13B07FB81A68108700A75B9A /* PrivacyInfo.xcprivacy */,
				6AEE9F39DF7C8F8F9FFF2B5F /* PrivacyInfo.xcprivacy */,
				52009B4C9C1F4CE4ACDE1C30 /* BootSplash.storyboard */,
				293A8E8031B44E91B60AAABC /* Colors.xcassets */,
			);
			name = almafitness;
			sourceTree = "<group>";
		};
		2D16E6871FA4F8E400B85C8A /* Frameworks */ = {
			isa = PBXGroup;
			children = (
				ED297162215061F000B7C4FE /* JavaScriptCore.framework */,
				4330C7E50628E2F9870DE117 /* libPods-almafitness.a */,
				73342B4B2E6C20560583C370 /* libPods-almafitness-almafitnessTests.a */,
			);
			name = Frameworks;
			sourceTree = "<group>";
		};
		479D2AD9B054428593FB524E /* Resources */ = {
			isa = PBXGroup;
			children = (
				C0525DBA13C2459580454F43 /* InterTight-Black.ttf */,
				3A00AB9FD3AA4DFA852D36A8 /* InterTight-BlackItalic.ttf */,
				929D2EA3FE7A404A9B9C68A2 /* InterTight-Bold.ttf */,
				267E374D6CE444DE819AC3B5 /* InterTight-BoldItalic.ttf */,
				8E9E75936A574C399BF5A3E2 /* InterTight-ExtraBold.ttf */,
				F43297B507924AB4BF5D09D5 /* InterTight-ExtraBoldItalic.ttf */,
				A43767E718004004B3755C07 /* InterTight-ExtraLight.ttf */,
				8CDAE97BF1AA4708B635AC53 /* InterTight-ExtraLightItalic.ttf */,
				6636C05CF216457C91215DB2 /* InterTight-Italic.ttf */,
				FB4C3B3179BF43E495CDCC14 /* InterTight-Light.ttf */,
				BC08DE007DE4456C9D0933B6 /* InterTight-LightItalic.ttf */,
				5E0FCD195D9F4FB291EB5BF7 /* InterTight-Medium.ttf */,
				51A660C56412424A9BB3D4AE /* InterTight-MediumItalic.ttf */,
				D99BE71BC2234E1E9E15C752 /* InterTight-Regular.ttf */,
				858A20D0E64F4579AB8C843D /* InterTight-SemiBold.ttf */,
				73D2C50A7CDB4B3E984F2958 /* InterTight-SemiBoldItalic.ttf */,
				D500C57D4859449F81AF917B /* InterTight-Thin.ttf */,
				6693767371C4427CBB1BDCBC /* InterTight-ThinItalic.ttf */,
			);
			name = Resources;
			sourceTree = "<group>";
		};
		832341AE1AAA6A7D00B99B32 /* Libraries */ = {
			isa = PBXGroup;
			children = (
			);
			name = Libraries;
			sourceTree = "<group>";
		};
		83CBB9F61A601CBA00E9B192 = {
			isa = PBXGroup;
			children = (
				13B07FAE1A68108700A75B9A /* almafitness */,
				832341AE1AAA6A7D00B99B32 /* Libraries */,
				00E356EF1AD99517003FC87E /* almafitnessTests */,
				83CBBA001A601CBA00E9B192 /* Products */,
				2D16E6871FA4F8E400B85C8A /* Frameworks */,
				BBD78D7AC51CEA395F1C20DB /* Pods */,
				479D2AD9B054428593FB524E /* Resources */,
			);
			indentWidth = 2;
			sourceTree = "<group>";
			tabWidth = 2;
			usesTabs = 0;
		};
		83CBBA001A601CBA00E9B192 /* Products */ = {
			isa = PBXGroup;
			children = (
				13B07F961A680F5B00A75B9A /* almafitness.app */,
				00E356EE1AD99517003FC87E /* almafitnessTests.xctest */,
			);
			name = Products;
			sourceTree = "<group>";
		};
		BBD78D7AC51CEA395F1C20DB /* Pods */ = {
			isa = PBXGroup;
			children = (
				8400322623F7B2E6927A7D40 /* Pods-almafitness.debug.xcconfig */,
				EDB31DB62EC61F2F105CB72D /* Pods-almafitness.release.xcconfig */,
				83876988079771178BDBD6FF /* Pods-almafitness-almafitnessTests.debug.xcconfig */,
				1C93B67E8BDE309FA5788B52 /* Pods-almafitness-almafitnessTests.release.xcconfig */,
			);
			path = Pods;
			sourceTree = "<group>";
		};
/* End PBXGroup section */

/* Begin PBXNativeTarget section */
		00E356ED1AD99517003FC87E /* almafitnessTests */ = {
			isa = PBXNativeTarget;
			buildConfigurationList = 00E357021AD99517003FC87E /* Build configuration list for PBXNativeTarget "almafitnessTests" */;
			buildPhases = (
				D5A6C4B5CFCAED58A625825A /* [CP] Check Pods Manifest.lock */,
				00E356EA1AD99517003FC87E /* Sources */,
				00E356EB1AD99517003FC87E /* Frameworks */,
				00E356EC1AD99517003FC87E /* Resources */,
				521DEE40EC5E195CC12A1E76 /* [CP] Embed Pods Frameworks */,
				FDC0EB4EF8F9A933101BCA03 /* [CP] Copy Pods Resources */,
			);
			buildRules = (
			);
			dependencies = (
				00E356F51AD99517003FC87E /* PBXTargetDependency */,
			);
			name = almafitnessTests;
			productName = almafitnessTests;
			productReference = 00E356EE1AD99517003FC87E /* almafitnessTests.xctest */;
			productType = "com.apple.product-type.bundle.unit-test";
		};
		13B07F861A680F5B00A75B9A /* almafitness */ = {
			isa = PBXNativeTarget;
			buildConfigurationList = 13B07F931A680F5B00A75B9A /* Build configuration list for PBXNativeTarget "almafitness" */;
			buildPhases = (
				173275C9B7BA16C63017D75A /* [CP] Check Pods Manifest.lock */,
				13B07F871A680F5B00A75B9A /* Sources */,
				13B07F8C1A680F5B00A75B9A /* Frameworks */,
				13B07F8E1A680F5B00A75B9A /* Resources */,
				00DD1BFF1BD5951E006B06BC /* Bundle React Native code and images */,
				E4C3F785FDCC224EC311C366 /* [CP] Embed Pods Frameworks */,
				4F831D56F505BEEB32B10D12 /* [CP] Copy Pods Resources */,
			);
			buildRules = (
			);
			dependencies = (
			);
			name = almafitness;
			productName = almafitness;
			productReference = 13B07F961A680F5B00A75B9A /* almafitness.app */;
			productType = "com.apple.product-type.application";
		};
/* End PBXNativeTarget section */

/* Begin PBXProject section */
		83CBB9F71A601CBA00E9B192 /* Project object */ = {
			isa = PBXProject;
			attributes = {
				LastUpgradeCheck = 1210;
				TargetAttributes = {
					00E356ED1AD99517003FC87E = {
						CreatedOnToolsVersion = 6.2;
						TestTargetID = 13B07F861A680F5B00A75B9A;
					};
					13B07F861A680F5B00A75B9A = {
						LastSwiftMigration = 1120;
					};
				};
			};
			buildConfigurationList = 83CBB9FA1A601CBA00E9B192 /* Build configuration list for PBXProject "almafitness" */;
			compatibilityVersion = "Xcode 12.0";
			developmentRegion = en;
			hasScannedForEncodings = 0;
			knownRegions = (
				en,
				Base,
			);
			mainGroup = 83CBB9F61A601CBA00E9B192;
			productRefGroup = 83CBBA001A601CBA00E9B192 /* Products */;
			projectDirPath = "";
			projectRoot = "";
			targets = (
				13B07F861A680F5B00A75B9A /* almafitness */,
				00E356ED1AD99517003FC87E /* almafitnessTests */,
			);
		};
/* End PBXProject section */

/* Begin PBXResourcesBuildPhase section */
		00E356EC1AD99517003FC87E /* Resources */ = {
			isa = PBXResourcesBuildPhase;
			buildActionMask = 2147483647;
			files = (
			);
			runOnlyForDeploymentPostprocessing = 0;
		};
		13B07F8E1A680F5B00A75B9A /* Resources */ = {
			isa = PBXResourcesBuildPhase;
			buildActionMask = 2147483647;
			files = (
				81AB9BB82411601600AC10FF /* LaunchScreen.storyboard in Resources */,
				13B07FBF1A68108700A75B9A /* Images.xcassets in Resources */,
				214C4D8171C6ED26116CF4F7 /* PrivacyInfo.xcprivacy in Resources */,
				C464AA025DCC41F5B24CAAEE /* BootSplash.storyboard in Resources */,
				03F9818ECA7E48F9A2E4990D /* Colors.xcassets in Resources */,
				D54642D67B764B51906BD8F8 /* InterTight-Black.ttf in Resources */,
				78D589F2FE1D4AA6BE522516 /* InterTight-BlackItalic.ttf in Resources */,
				E722225FD13149DD9FD41821 /* InterTight-Bold.ttf in Resources */,
				DF7290608A544E4991B99ED1 /* InterTight-BoldItalic.ttf in Resources */,
				25442E77E96B43BE90DD11F7 /* InterTight-ExtraBold.ttf in Resources */,
				6F4C81EDB0C74FC589276AAE /* InterTight-ExtraBoldItalic.ttf in Resources */,
				91B6D7EF93314DBDAAAFA578 /* InterTight-ExtraLight.ttf in Resources */,
				7EBFEFF2B5284FD2B669CE43 /* InterTight-ExtraLightItalic.ttf in Resources */,
				6620B120F7BA405B922532E6 /* InterTight-Italic.ttf in Resources */,
				CD113D251EE3456E8DC01F31 /* InterTight-Light.ttf in Resources */,
				1E59DBDFAE184C8B975C8A48 /* InterTight-LightItalic.ttf in Resources */,
				59558F566C864B08ACCF9D42 /* InterTight-Medium.ttf in Resources */,
				1A02CA9F59D14A07BA19135B /* InterTight-MediumItalic.ttf in Resources */,
				A70E96891117473E9D3DF54A /* InterTight-Regular.ttf in Resources */,
				A42EA83E836D44CDA1A31DD5 /* InterTight-SemiBold.ttf in Resources */,
				6DA915005A0F4F7C95FF8389 /* InterTight-SemiBoldItalic.ttf in Resources */,
				F7076997E1534375BB2239A9 /* InterTight-Thin.ttf in Resources */,
				057CDB058FB143A9B11EB73E /* InterTight-ThinItalic.ttf in Resources */,
			);
			runOnlyForDeploymentPostprocessing = 0;
		};
/* End PBXResourcesBuildPhase section */

/* Begin PBXShellScriptBuildPhase section */
		00DD1BFF1BD5951E006B06BC /* Bundle React Native code and images */ = {
			isa = PBXShellScriptBuildPhase;
			buildActionMask = 2147483647;
			files = (
			);
			inputPaths = (
				"$(SRCROOT)/.xcode.env.local",
				"$(SRCROOT)/.xcode.env",
			);
			name = "Bundle React Native code and images";
			outputPaths = (
			);
			runOnlyForDeploymentPostprocessing = 0;
			shellPath = /bin/sh;
			shellScript = "set -e\n\nWITH_ENVIRONMENT=\"$REACT_NATIVE_PATH/scripts/xcode/with-environment.sh\"\nREACT_NATIVE_XCODE=\"$REACT_NATIVE_PATH/scripts/react-native-xcode.sh\"\n\n/bin/sh -c \"$WITH_ENVIRONMENT $REACT_NATIVE_XCODE\"\n";
		};
		173275C9B7BA16C63017D75A /* [CP] Check Pods Manifest.lock */ = {
			isa = PBXShellScriptBuildPhase;
			buildActionMask = 2147483647;
			files = (
			);
			inputFileListPaths = (
			);
			inputPaths = (
				"${PODS_PODFILE_DIR_PATH}/Podfile.lock",
				"${PODS_ROOT}/Manifest.lock",
			);
			name = "[CP] Check Pods Manifest.lock";
			outputFileListPaths = (
			);
			outputPaths = (
				"$(DERIVED_FILE_DIR)/Pods-almafitness-checkManifestLockResult.txt",
			);
			runOnlyForDeploymentPostprocessing = 0;
			shellPath = /bin/sh;
			shellScript = "diff \"${PODS_PODFILE_DIR_PATH}/Podfile.lock\" \"${PODS_ROOT}/Manifest.lock\" > /dev/null\nif [ $? != 0 ] ; then\n    # print error to STDERR\n    echo \"error: The sandbox is not in sync with the Podfile.lock. Run 'pod install' or update your CocoaPods installation.\" >&2\n    exit 1\nfi\n# This output is used by Xcode 'outputs' to avoid re-running this script phase.\necho \"SUCCESS\" > \"${SCRIPT_OUTPUT_FILE_0}\"\n";
			showEnvVarsInLog = 0;
		};
		4F831D56F505BEEB32B10D12 /* [CP] Copy Pods Resources */ = {
			isa = PBXShellScriptBuildPhase;
			buildActionMask = 2147483647;
			files = (
			);
			inputFileListPaths = (
				"${PODS_ROOT}/Target Support Files/Pods-almafitness/Pods-almafitness-resources-${CONFIGURATION}-input-files.xcfilelist",
			);
			name = "[CP] Copy Pods Resources";
			outputFileListPaths = (
				"${PODS_ROOT}/Target Support Files/Pods-almafitness/Pods-almafitness-resources-${CONFIGURATION}-output-files.xcfilelist",
			);
			runOnlyForDeploymentPostprocessing = 0;
			shellPath = /bin/sh;
			shellScript = "\"${PODS_ROOT}/Target Support Files/Pods-almafitness/Pods-almafitness-resources.sh\"\n";
			showEnvVarsInLog = 0;
		};
		521DEE40EC5E195CC12A1E76 /* [CP] Embed Pods Frameworks */ = {
			isa = PBXShellScriptBuildPhase;
			buildActionMask = 2147483647;
			files = (
			);
			inputFileListPaths = (
				"${PODS_ROOT}/Target Support Files/Pods-almafitness-almafitnessTests/Pods-almafitness-almafitnessTests-frameworks-${CONFIGURATION}-input-files.xcfilelist",
			);
			name = "[CP] Embed Pods Frameworks";
			outputFileListPaths = (
				"${PODS_ROOT}/Target Support Files/Pods-almafitness-almafitnessTests/Pods-almafitness-almafitnessTests-frameworks-${CONFIGURATION}-output-files.xcfilelist",
			);
			runOnlyForDeploymentPostprocessing = 0;
			shellPath = /bin/sh;
			shellScript = "\"${PODS_ROOT}/Target Support Files/Pods-almafitness-almafitnessTests/Pods-almafitness-almafitnessTests-frameworks.sh\"\n";
			showEnvVarsInLog = 0;
		};
		D5A6C4B5CFCAED58A625825A /* [CP] Check Pods Manifest.lock */ = {
			isa = PBXShellScriptBuildPhase;
			buildActionMask = 2147483647;
			files = (
			);
			inputFileListPaths = (
			);
			inputPaths = (
				"${PODS_PODFILE_DIR_PATH}/Podfile.lock",
				"${PODS_ROOT}/Manifest.lock",
			);
			name = "[CP] Check Pods Manifest.lock";
			outputFileListPaths = (
			);
			outputPaths = (
				"$(DERIVED_FILE_DIR)/Pods-almafitness-almafitnessTests-checkManifestLockResult.txt",
			);
			runOnlyForDeploymentPostprocessing = 0;
			shellPath = /bin/sh;
			shellScript = "diff \"${PODS_PODFILE_DIR_PATH}/Podfile.lock\" \"${PODS_ROOT}/Manifest.lock\" > /dev/null\nif [ $? != 0 ] ; then\n    # print error to STDERR\n    echo \"error: The sandbox is not in sync with the Podfile.lock. Run 'pod install' or update your CocoaPods installation.\" >&2\n    exit 1\nfi\n# This output is used by Xcode 'outputs' to avoid re-running this script phase.\necho \"SUCCESS\" > \"${SCRIPT_OUTPUT_FILE_0}\"\n";
			showEnvVarsInLog = 0;
		};
		E4C3F785FDCC224EC311C366 /* [CP] Embed Pods Frameworks */ = {
			isa = PBXShellScriptBuildPhase;
			buildActionMask = 2147483647;
			files = (
			);
			inputFileListPaths = (
				"${PODS_ROOT}/Target Support Files/Pods-almafitness/Pods-almafitness-frameworks-${CONFIGURATION}-input-files.xcfilelist",
			);
			name = "[CP] Embed Pods Frameworks";
			outputFileListPaths = (
				"${PODS_ROOT}/Target Support Files/Pods-almafitness/Pods-almafitness-frameworks-${CONFIGURATION}-output-files.xcfilelist",
			);
			runOnlyForDeploymentPostprocessing = 0;
			shellPath = /bin/sh;
			shellScript = "\"${PODS_ROOT}/Target Support Files/Pods-almafitness/Pods-almafitness-frameworks.sh\"\n";
			showEnvVarsInLog = 0;
		};
		FDC0EB4EF8F9A933101BCA03 /* [CP] Copy Pods Resources */ = {
			isa = PBXShellScriptBuildPhase;
			buildActionMask = 2147483647;
			files = (
			);
			inputFileListPaths = (
				"${PODS_ROOT}/Target Support Files/Pods-almafitness-almafitnessTests/Pods-almafitness-almafitnessTests-resources-${CONFIGURATION}-input-files.xcfilelist",
			);
			name = "[CP] Copy Pods Resources";
			outputFileListPaths = (
				"${PODS_ROOT}/Target Support Files/Pods-almafitness-almafitnessTests/Pods-almafitness-almafitnessTests-resources-${CONFIGURATION}-output-files.xcfilelist",
			);
			runOnlyForDeploymentPostprocessing = 0;
			shellPath = /bin/sh;
			shellScript = "\"${PODS_ROOT}/Target Support Files/Pods-almafitness-almafitnessTests/Pods-almafitness-almafitnessTests-resources.sh\"\n";
			showEnvVarsInLog = 0;
		};
/* End PBXShellScriptBuildPhase section */

/* Begin PBXSourcesBuildPhase section */
		00E356EA1AD99517003FC87E /* Sources */ = {
			isa = PBXSourcesBuildPhase;
			buildActionMask = 2147483647;
			files = (
				00E356F31AD99517003FC87E /* almafitnessTests.m in Sources */,
			);
			runOnlyForDeploymentPostprocessing = 0;
		};
		13B07F871A680F5B00A75B9A /* Sources */ = {
			isa = PBXSourcesBuildPhase;
			buildActionMask = 2147483647;
			files = (
				13B07FBC1A68108700A75B9A /* AppDelegate.mm in Sources */,
				13B07FC11A68108700A75B9A /* main.m in Sources */,
			);
			runOnlyForDeploymentPostprocessing = 0;
		};
/* End PBXSourcesBuildPhase section */

/* Begin PBXTargetDependency section */
		00E356F51AD99517003FC87E /* PBXTargetDependency */ = {
			isa = PBXTargetDependency;
			target = 13B07F861A680F5B00A75B9A /* almafitness */;
			targetProxy = 00E356F41AD99517003FC87E /* PBXContainerItemProxy */;
		};
/* End PBXTargetDependency section */

/* Begin XCBuildConfiguration section */
		00E356F61AD99517003FC87E /* Debug */ = {
			isa = XCBuildConfiguration;
			baseConfigurationReference = 83876988079771178BDBD6FF /* Pods-almafitness-almafitnessTests.debug.xcconfig */;
			buildSettings = {
				BUNDLE_LOADER = "$(TEST_HOST)";
				GCC_PREPROCESSOR_DEFINITIONS = (
					"DEBUG=1",
					"$(inherited)",
				);
				INFOPLIST_FILE = almafitnessTests/Info.plist;
				IPHONEOS_DEPLOYMENT_TARGET = 13.4;
				LD_RUNPATH_SEARCH_PATHS = (
					"$(inherited)",
					"@executable_path/Frameworks",
					"@loader_path/Frameworks",
				);
				OTHER_LDFLAGS = (
					"-ObjC",
					"-lc++",
					"$(inherited)",
				);
				PRODUCT_BUNDLE_IDENTIFIER = "org.reactjs.native.example.$(PRODUCT_NAME:rfc1034identifier)";
				PRODUCT_NAME = "$(TARGET_NAME)";
				TEST_HOST = "$(BUILT_PRODUCTS_DIR)/almafitness.app/almafitness";
			};
			name = Debug;
		};
		00E356F71AD99517003FC87E /* Release */ = {
			isa = XCBuildConfiguration;
			baseConfigurationReference = 1C93B67E8BDE309FA5788B52 /* Pods-almafitness-almafitnessTests.release.xcconfig */;
			buildSettings = {
				BUNDLE_LOADER = "$(TEST_HOST)";
				COPY_PHASE_STRIP = NO;
				INFOPLIST_FILE = almafitnessTests/Info.plist;
				IPHONEOS_DEPLOYMENT_TARGET = 13.4;
				LD_RUNPATH_SEARCH_PATHS = (
					"$(inherited)",
					"@executable_path/Frameworks",
					"@loader_path/Frameworks",
				);
				OTHER_LDFLAGS = (
					"-ObjC",
					"-lc++",
					"$(inherited)",
				);
				PRODUCT_BUNDLE_IDENTIFIER = "org.reactjs.native.example.$(PRODUCT_NAME:rfc1034identifier)";
				PRODUCT_NAME = "$(TARGET_NAME)";
				TEST_HOST = "$(BUILT_PRODUCTS_DIR)/almafitness.app/almafitness";
			};
			name = Release;
		};
		13B07F941A680F5B00A75B9A /* Debug */ = {
			isa = XCBuildConfiguration;
			baseConfigurationReference = 8400322623F7B2E6927A7D40 /* Pods-almafitness.debug.xcconfig */;
			buildSettings = {
				ASSETCATALOG_COMPILER_APPICON_NAME = AppIcon;
				CLANG_ENABLE_MODULES = YES;
				CURRENT_PROJECT_VERSION = 3;
				DEVELOPMENT_TEAM = M752985NF3;
				ENABLE_BITCODE = NO;
				INFOPLIST_FILE = almafitness/Info.plist;
				INFOPLIST_KEY_CFBundleDisplayName = "Alma Fitness";
				INFOPLIST_KEY_LSApplicationCategoryType = "public.app-category.healthcare-fitness";
				LD_RUNPATH_SEARCH_PATHS = (
					"$(inherited)",
					"@executable_path/Frameworks",
				);
				MARKETING_VERSION = 1.0;
				OTHER_LDFLAGS = (
					"$(inherited)",
					"-ObjC",
					"-lc++",
				);
				PRODUCT_BUNDLE_IDENTIFIER = com.almafitness;
				PRODUCT_NAME = almafitness;
				SWIFT_OPTIMIZATION_LEVEL = "-Onone";
				SWIFT_VERSION = 5.0;
				VERSIONING_SYSTEM = "apple-generic";
			};
			name = Debug;
		};
		13B07F951A680F5B00A75B9A /* Release */ = {
			isa = XCBuildConfiguration;
			baseConfigurationReference = EDB31DB62EC61F2F105CB72D /* Pods-almafitness.release.xcconfig */;
			buildSettings = {
				ASSETCATALOG_COMPILER_APPICON_NAME = AppIcon;
				CLANG_ENABLE_MODULES = YES;
				CURRENT_PROJECT_VERSION = 3;
				DEVELOPMENT_TEAM = M752985NF3;
				INFOPLIST_FILE = almafitness/Info.plist;
				INFOPLIST_KEY_CFBundleDisplayName = "Alma Fitness";
				INFOPLIST_KEY_LSApplicationCategoryType = "public.app-category.healthcare-fitness";
				LD_RUNPATH_SEARCH_PATHS = (
					"$(inherited)",
					"@executable_path/Frameworks",
				);
				MARKETING_VERSION = 1.0;
				OTHER_LDFLAGS = (
					"$(inherited)",
					"-ObjC",
					"-lc++",
				);
				PRODUCT_BUNDLE_IDENTIFIER = com.almafitness;
				PRODUCT_NAME = almafitness;
				SWIFT_VERSION = 5.0;
				VERSIONING_SYSTEM = "apple-generic";
			};
			name = Release;
		};
		83CBBA201A601CBA00E9B192 /* Debug */ = {
			isa = XCBuildConfiguration;
			buildSettings = {
				ALWAYS_SEARCH_USER_PATHS = NO;
				CC = "";
				CLANG_ANALYZER_LOCALIZABILITY_NONLOCALIZED = YES;
				CLANG_CXX_LANGUAGE_STANDARD = "c++20";
				CLANG_CXX_LIBRARY = "libc++";
				CLANG_ENABLE_MODULES = YES;
				CLANG_ENABLE_OBJC_ARC = YES;
				CLANG_WARN_BLOCK_CAPTURE_AUTORELEASING = YES;
				CLANG_WARN_BOOL_CONVERSION = YES;
				CLANG_WARN_COMMA = YES;
				CLANG_WARN_CONSTANT_CONVERSION = YES;
				CLANG_WARN_DEPRECATED_OBJC_IMPLEMENTATIONS = YES;
				CLANG_WARN_DIRECT_OBJC_ISA_USAGE = YES_ERROR;
				CLANG_WARN_EMPTY_BODY = YES;
				CLANG_WARN_ENUM_CONVERSION = YES;
				CLANG_WARN_INFINITE_RECURSION = YES;
				CLANG_WARN_INT_CONVERSION = YES;
				CLANG_WARN_NON_LITERAL_NULL_CONVERSION = YES;
				CLANG_WARN_OBJC_IMPLICIT_RETAIN_SELF = YES;
				CLANG_WARN_OBJC_LITERAL_CONVERSION = YES;
				CLANG_WARN_OBJC_ROOT_CLASS = YES_ERROR;
				CLANG_WARN_QUOTED_INCLUDE_IN_FRAMEWORK_HEADER = YES;
				CLANG_WARN_RANGE_LOOP_ANALYSIS = YES;
				CLANG_WARN_STRICT_PROTOTYPES = YES;
				CLANG_WARN_SUSPICIOUS_MOVE = YES;
				CLANG_WARN_UNREACHABLE_CODE = YES;
				CLANG_WARN__DUPLICATE_METHOD_MATCH = YES;
				"CODE_SIGN_IDENTITY[sdk=iphoneos*]" = "iPhone Developer";
				COPY_PHASE_STRIP = NO;
				CXX = "";
				ENABLE_STRICT_OBJC_MSGSEND = YES;
				ENABLE_TESTABILITY = YES;
				"EXCLUDED_ARCHS[sdk=iphonesimulator*]" = "";
				GCC_C_LANGUAGE_STANDARD = gnu99;
				GCC_DYNAMIC_NO_PIC = NO;
				GCC_NO_COMMON_BLOCKS = YES;
				GCC_OPTIMIZATION_LEVEL = 0;
				GCC_PREPROCESSOR_DEFINITIONS = (
					"DEBUG=1",
					"$(inherited)",
				);
				GCC_SYMBOLS_PRIVATE_EXTERN = NO;
				GCC_WARN_64_TO_32_BIT_CONVERSION = YES;
				GCC_WARN_ABOUT_RETURN_TYPE = YES_ERROR;
				GCC_WARN_UNDECLARED_SELECTOR = YES;
				GCC_WARN_UNINITIALIZED_AUTOS = YES_AGGRESSIVE;
				GCC_WARN_UNUSED_FUNCTION = YES;
				GCC_WARN_UNUSED_VARIABLE = YES;
				IPHONEOS_DEPLOYMENT_TARGET = 13.4;
				LD = "";
				LDPLUSPLUS = "";
				LD_RUNPATH_SEARCH_PATHS = (
					/usr/lib/swift,
					"$(inherited)",
				);
				LIBRARY_SEARCH_PATHS = (
					"\"$(SDKROOT)/usr/lib/swift\"",
					"\"$(TOOLCHAIN_DIR)/usr/lib/swift/$(PLATFORM_NAME)\"",
					"\"$(inherited)\"",
				);
				MTL_ENABLE_DEBUG_INFO = YES;
				ONLY_ACTIVE_ARCH = YES;
				OTHER_CPLUSPLUSFLAGS = (
					"$(OTHER_CFLAGS)",
					"-DFOLLY_NO_CONFIG",
					"-DFOLLY_MOBILE=1",
					"-DFOLLY_USE_LIBCPP=1",
					"-DFOLLY_CFG_NO_COROUTINES=1",
					"-DFOLLY_HAVE_CLOCK_GETTIME=1",
				);
				OTHER_LDFLAGS = "$(inherited)  ";
				REACT_NATIVE_PATH = "${PODS_ROOT}/../../node_modules/react-native";
				SDKROOT = iphoneos;
				USE_HERMES = true;
			};
			name = Debug;
		};
		83CBBA211A601CBA00E9B192 /* Release */ = {
			isa = XCBuildConfiguration;
			buildSettings = {
				ALWAYS_SEARCH_USER_PATHS = NO;
				CC = "";
				CLANG_ANALYZER_LOCALIZABILITY_NONLOCALIZED = YES;
				CLANG_CXX_LANGUAGE_STANDARD = "c++20";
				CLANG_CXX_LIBRARY = "libc++";
				CLANG_ENABLE_MODULES = YES;
				CLANG_ENABLE_OBJC_ARC = YES;
				CLANG_WARN_BLOCK_CAPTURE_AUTORELEASING = YES;
				CLANG_WARN_BOOL_CONVERSION = YES;
				CLANG_WARN_COMMA = YES;
				CLANG_WARN_CONSTANT_CONVERSION = YES;
				CLANG_WARN_DEPRECATED_OBJC_IMPLEMENTATIONS = YES;
				CLANG_WARN_DIRECT_OBJC_ISA_USAGE = YES_ERROR;
				CLANG_WARN_EMPTY_BODY = YES;
				CLANG_WARN_ENUM_CONVERSION = YES;
				CLANG_WARN_INFINITE_RECURSION = YES;
				CLANG_WARN_INT_CONVERSION = YES;
				CLANG_WARN_NON_LITERAL_NULL_CONVERSION = YES;
				CLANG_WARN_OBJC_IMPLICIT_RETAIN_SELF = YES;
				CLANG_WARN_OBJC_LITERAL_CONVERSION = YES;
				CLANG_WARN_OBJC_ROOT_CLASS = YES_ERROR;
				CLANG_WARN_QUOTED_INCLUDE_IN_FRAMEWORK_HEADER = YES;
				CLANG_WARN_RANGE_LOOP_ANALYSIS = YES;
				CLANG_WARN_STRICT_PROTOTYPES = YES;
				CLANG_WARN_SUSPICIOUS_MOVE = YES;
				CLANG_WARN_UNREACHABLE_CODE = YES;
				CLANG_WARN__DUPLICATE_METHOD_MATCH = YES;
				"CODE_SIGN_IDENTITY[sdk=iphoneos*]" = "iPhone Developer";
				COPY_PHASE_STRIP = YES;
				CXX = "";
				ENABLE_NS_ASSERTIONS = NO;
				ENABLE_STRICT_OBJC_MSGSEND = YES;
				"EXCLUDED_ARCHS[sdk=iphonesimulator*]" = "";
				GCC_C_LANGUAGE_STANDARD = gnu99;
				GCC_NO_COMMON_BLOCKS = YES;
				GCC_WARN_64_TO_32_BIT_CONVERSION = YES;
				GCC_WARN_ABOUT_RETURN_TYPE = YES_ERROR;
				GCC_WARN_UNDECLARED_SELECTOR = YES;
				GCC_WARN_UNINITIALIZED_AUTOS = YES_AGGRESSIVE;
				GCC_WARN_UNUSED_FUNCTION = YES;
				GCC_WARN_UNUSED_VARIABLE = YES;
				IPHONEOS_DEPLOYMENT_TARGET = 13.4;
				LD = "";
				LDPLUSPLUS = "";
				LD_RUNPATH_SEARCH_PATHS = (
					/usr/lib/swift,
					"$(inherited)",
				);
				LIBRARY_SEARCH_PATHS = (
					"\"$(SDKROOT)/usr/lib/swift\"",
					"\"$(TOOLCHAIN_DIR)/usr/lib/swift/$(PLATFORM_NAME)\"",
					"\"$(inherited)\"",
				);
				MTL_ENABLE_DEBUG_INFO = NO;
				OTHER_CPLUSPLUSFLAGS = (
					"$(OTHER_CFLAGS)",
					"-DFOLLY_NO_CONFIG",
					"-DFOLLY_MOBILE=1",
					"-DFOLLY_USE_LIBCPP=1",
					"-DFOLLY_CFG_NO_COROUTINES=1",
					"-DFOLLY_HAVE_CLOCK_GETTIME=1",
				);
				OTHER_LDFLAGS = "$(inherited)  ";
				REACT_NATIVE_PATH = "${PODS_ROOT}/../../node_modules/react-native";
				SDKROOT = iphoneos;
				USE_HERMES = true;
				VALIDATE_PRODUCT = YES;
			};
			name = Release;
		};
/* End XCBuildConfiguration section */

/* Begin XCConfigurationList section */
		00E357021AD99517003FC87E /* Build configuration list for PBXNativeTarget "almafitnessTests" */ = {
			isa = XCConfigurationList;
			buildConfigurations = (
				00E356F61AD99517003FC87E /* Debug */,
				00E356F71AD99517003FC87E /* Release */,
			);
			defaultConfigurationIsVisible = 0;
			defaultConfigurationName = Release;
		};
		13B07F931A680F5B00A75B9A /* Build configuration list for PBXNativeTarget "almafitness" */ = {
			isa = XCConfigurationList;
			buildConfigurations = (
				13B07F941A680F5B00A75B9A /* Debug */,
				13B07F951A680F5B00A75B9A /* Release */,
			);
			defaultConfigurationIsVisible = 0;
			defaultConfigurationName = Release;
		};
		83CBB9FA1A601CBA00E9B192 /* Build configuration list for PBXProject "almafitness" */ = {
			isa = XCConfigurationList;
			buildConfigurations = (
				83CBBA201A601CBA00E9B192 /* Debug */,
				83CBBA211A601CBA00E9B192 /* Release */,
			);
			defaultConfigurationIsVisible = 0;
			defaultConfigurationName = Release;
		};
/* End XCConfigurationList section */
	};
	rootObject = 83CBB9F71A601CBA00E9B192 /* Project object */;
}
